
Microsoft Visual Studio Solution File, Format Version 12.00
# Visual Studio 14
VisualStudioVersion = 14.0.25420.1
MinimumVisualStudioVersion = 10.0.40219.1
Project("{888888A0-9F3D-457C-B088-3A5042F75D52}") = "Replacer", "Replacer.pyproj", "{FF2BF9E4-584D-438C-BA05-BD2068F62B02}"
EndProject
Global
	GlobalSection(SolutionConfigurationPlatforms) = preSolution
		Debug|Any CPU = Debug|Any CPU
		Release|Any CPU = Release|Any CPU
	EndGlobalSection
	GlobalSection(ProjectConfigurationPlatforms) = postSolution
		{FF2BF9E4-584D-438C-BA05-BD2068F62B02}.Debug|Any CPU.ActiveCfg = Debug|Any CPU
		{FF2BF9E4-584D-438C-BA05-BD2068F62B02}.Debug|Any CPU.Build.0 = Debug|Any CPU
		{FF2BF9E4-584D-438C-BA05-BD2068F62B02}.Release|Any CPU.ActiveCfg = Release|Any CPU
	EndGlobalSection
	GlobalSection(SolutionProperties) = preSolution
		HideSolutionNode = FALSE
	EndGlobalSection
EndGlobal
